
Microsoft Visual Studio Solution File, Format Version 12.00
# Visual Studio Version 17
VisualStudioVersion = 17.0.31903.59
MinimumVisualStudioVersion = 10.0.40219.1
Project("{FAE04EC0-301F-11D3-BF4B-00C04F79EFBC}") = "API", "API\API.csproj", "{6632C3E2-FC40-41F4-822C-0B4DEF35B473}"
EndProject
Project("{FAE04EC0-301F-11D3-BF4B-00C04F79EFBC}") = "Core", "Core\Core.csproj", "{B607963C-0E31-4147-B058-A03084611D44}"
EndProject
Project("{FAE04EC0-301F-11D3-BF4B-00C04F79EFBC}") = "Infrastructure", "Infrastructure\Infrastructure.csproj", "{6AC8D3C4-C0F2-44AD-B686-0CF6A7EFE3F2}"
EndProject
Global
	GlobalSection(SolutionConfigurationPlatforms) = preSolution
		Debug|Any CPU = Debug|Any CPU
		Release|Any CPU = Release|Any CPU
	EndGlobalSection
	GlobalSection(SolutionProperties) = preSolution
		HideSolutionNode = FALSE
	EndGlobalSection
	GlobalSection(ProjectConfigurationPlatforms) = postSolution
		{6632C3E2-FC40-41F4-822C-0B4DEF35B473}.Debug|Any CPU.ActiveCfg = Debug|Any CPU
		{6632C3E2-FC40-41F4-822C-0B4DEF35B473}.Debug|Any CPU.Build.0 = Debug|Any CPU
		{6632C3E2-FC40-41F4-822C-0B4DEF35B473}.Release|Any CPU.ActiveCfg = Release|Any CPU
		{6632C3E2-FC40-41F4-822C-0B4DEF35B473}.Release|Any CPU.Build.0 = Release|Any CPU
		{B607963C-0E31-4147-B058-A03084611D44}.Debug|Any CPU.ActiveCfg = Debug|Any CPU
		{B607963C-0E31-4147-B058-A03084611D44}.Debug|Any CPU.Build.0 = Debug|Any CPU
		{B607963C-0E31-4147-B058-A03084611D44}.Release|Any CPU.ActiveCfg = Release|Any CPU
		{B607963C-0E31-4147-B058-A03084611D44}.Release|Any CPU.Build.0 = Release|Any CPU
		{6AC8D3C4-C0F2-44AD-B686-0CF6A7EFE3F2}.Debug|Any CPU.ActiveCfg = Debug|Any CPU
		{6AC8D3C4-C0F2-44AD-B686-0CF6A7EFE3F2}.Debug|Any CPU.Build.0 = Debug|Any CPU
		{6AC8D3C4-C0F2-44AD-B686-0CF6A7EFE3F2}.Release|Any CPU.ActiveCfg = Release|Any CPU
		{6AC8D3C4-C0F2-44AD-B686-0CF6A7EFE3F2}.Release|Any CPU.Build.0 = Release|Any CPU
	EndGlobalSection
EndGlobal
